// !$*UTF8*$!
{
	archiveVersion = 1;
	classes = {
	};
	objectVersion = 77;
	objects = {

/* Begin PBXFileReference section */
		A1000000000000000000A001 /* Peregrine.app */ = {isa = PBXFileReference; explicitFileType = wrapper.application; includeInIndex = 0; path = Peregrine.app; sourceTree = BUILT_PRODUCTS_DIR; };
		A1000000000000000000A002 /* module.modulemap */ = {isa = PBXFileReference; lastKnownFileType = "sourcecode.module-map"; path = module.modulemap; sourceTree = "<group>"; };
		A1000000000000000000A003 /* fv_desk_host.h */ = {isa = PBXFileReference; lastKnownFileType = sourcecode.c.h; name = fv_desk_host.h; path = ../../DeskKit/fv_desk_host.h; sourceTree = "<group>"; };
/* End PBXFileReference section */

/* Begin PBXFileSystemSynchronizedRootGroup section */
		A1000000000000000000B001 /* Peregrine */ = {isa = PBXFileSystemSynchronizedRootGroup; path = Peregrine; sourceTree = "<group>"; };
/* End PBXFileSystemSynchronizedRootGroup section */

/* Begin PBXFrameworksBuildPhase section */
		A1000000000000000000C002 /* Frameworks */ = {
			isa = PBXFrameworksBuildPhase;
			buildActionMask = 2147483647;
			files = (
			);
			runOnlyForDeploymentPostprocessing = 0;
		};
/* End PBXFrameworksBuildPhase section */

/* Begin PBXGroup section */
		A1000000000000000000D001 = {
			isa = PBXGroup;
			children = (
				A1000000000000000000B001 /* Peregrine */,
				A1000000000000000000D003 /* Core */,
				A1000000000000000000D002 /* Products */,
			);
			sourceTree = "<group>";
		};
		A1000000000000000000D002 /* Products */ = {
			isa = PBXGroup;
			children = (
				A1000000000000000000A001 /* Peregrine.app */,
			);
			name = Products;
			sourceTree = "<group>";
		};
		A1000000000000000000D003 /* Core */ = {
			isa = PBXGroup;
			children = (
				A1000000000000000000A002 /* module.modulemap */,
				A1000000000000000000A003 /* fv_desk_host.h */,
			);
			path = Core;
			sourceTree = "<group>";
		};
/* End PBXGroup section */

/* Begin PBXNativeTarget section */
		A1000000000000000000E001 /* Peregrine */ = {
			isa = PBXNativeTarget;
			buildConfigurationList = A1000000000000000000F002 /* Build configuration list for PBXNativeTarget "Peregrine" */;
			buildPhases = (
				A1000000000000000000C004 /* Check the Peregrine core */,
				A1000000000000000000C001 /* Sources */,
				A1000000000000000000C002 /* Frameworks */,
				A1000000000000000000C003 /* Resources */,
			);
			buildRules = (
			);
			dependencies = (
			);
			fileSystemSynchronizedGroups = (
				A1000000000000000000B001 /* Peregrine */,
			);
			name = Peregrine;
			productName = Peregrine;
			productReference = A1000000000000000000A001 /* Peregrine.app */;
			productType = "com.apple.product-type.application";
		};
/* End PBXNativeTarget section */

/* Begin PBXProject section */
		A1000000000000000000E002 /* Project object */ = {
			isa = PBXProject;
			attributes = {
				BuildIndependentTargetsInParallel = 1;
				LastSwiftUpdateCheck = 2700;
				LastUpgradeCheck = 2700;
			};
			buildConfigurationList = A1000000000000000000F001 /* Build configuration list for PBXProject "Peregrine" */;
			developmentRegion = en;
			hasScannedForEncodings = 0;
			knownRegions = (
				en,
				Base,
			);
			mainGroup = A1000000000000000000D001;
			minimizedProjectReferenceProxies = 1;
			preferredProjectObjectVersion = 77;
			productRefGroup = A1000000000000000000D002 /* Products */;
			projectDirPath = "";
			projectRoot = "";
			targets = (
				A1000000000000000000E001 /* Peregrine */,
			);
		};
/* End PBXProject section */

/* Begin PBXResourcesBuildPhase section */
		A1000000000000000000C003 /* Resources */ = {
			isa = PBXResourcesBuildPhase;
			buildActionMask = 2147483647;
			files = (
			);
			runOnlyForDeploymentPostprocessing = 0;
		};
/* End PBXResourcesBuildPhase section */

/* Begin PBXShellScriptBuildPhase section */
		A1000000000000000000C004 /* Check the Peregrine core */ = {
			isa = PBXShellScriptBuildPhase;
			alwaysOutOfDate = 1;
			buildActionMask = 2147483647;
			files = (
			);
			inputFileListPaths = (
			);
			inputPaths = (
			);
			name = "Check the Peregrine core";
			outputFileListPaths = (
			);
			outputPaths = (
			);
			runOnlyForDeploymentPostprocessing = 0;
			shellPath = /bin/sh;
			shellScript = "# The core is built by CMake; this phase checks that its archive exists\n# and is newer than the sources it is built from.\nset -e\nROOT=\"$PROJECT_DIR/../../..\"\nCORE=\"$ROOT/build/port/apps/Peregrine/libperegrine_core.a\"\nif [ ! -f \"$CORE\" ]; then\n  echo \"error: build/port/apps/Peregrine/libperegrine_core.a is missing.\"\n  echo \"note: cmake -B build && cmake --build build -j --target peregrine_core\"\n  exit 1\nfi\nSTALE=$(find \"$ROOT/port\" -path \"$ROOT/port/apps\" -prune -o \\( -name '*.cpp' -o -name '*.h' -o -name '*.json' \\) -newer \"$CORE\" -print 2>/dev/null | head -1)\nif [ -n \"$STALE\" ]; then\n  echo \"error: libperegrine_core.a is older than the core it is built from.\"\n  echo \"note: $STALE is newer. Run: cmake --build build -j --target peregrine_core\"\n  exit 1\nfi\n";
		};
/* End PBXShellScriptBuildPhase section */

/* Begin PBXSourcesBuildPhase section */
		A1000000000000000000C001 /* Sources */ = {
			isa = PBXSourcesBuildPhase;
			buildActionMask = 2147483647;
			files = (
			);
			runOnlyForDeploymentPostprocessing = 0;
		};
/* End PBXSourcesBuildPhase section */

/* Begin XCBuildConfiguration section */
		A1000000000000000000F011 /* Debug */ = {
			isa = XCBuildConfiguration;
			buildSettings = {
				ALWAYS_SEARCH_USER_PATHS = NO;
				ARCHS = "$(NATIVE_ARCH_ACTUAL)";
				CLANG_CXX_LANGUAGE_STANDARD = "c++17";
				CLANG_ENABLE_MODULES = YES;
				COPY_PHASE_STRIP = NO;
				DEBUG_INFORMATION_FORMAT = dwarf;
				ENABLE_STRICT_OBJC_MSGSEND = YES;
				ENABLE_TESTABILITY = YES;
				ENABLE_USER_SCRIPT_SANDBOXING = NO;
				GCC_OPTIMIZATION_LEVEL = 0;
				MACOSX_DEPLOYMENT_TARGET = 14.0;
				ONLY_ACTIVE_ARCH = YES;
				SDKROOT = macosx;
				SWIFT_ACTIVE_COMPILATION_CONDITIONS = DEBUG;
				SWIFT_OPTIMIZATION_LEVEL = "-Onone";
			};
			name = Debug;
		};
		A1000000000000000000F012 /* Release */ = {
			isa = XCBuildConfiguration;
			buildSettings = {
				ALWAYS_SEARCH_USER_PATHS = NO;
				ARCHS = "$(NATIVE_ARCH_ACTUAL)";
				CLANG_CXX_LANGUAGE_STANDARD = "c++17";
				CLANG_ENABLE_MODULES = YES;
				COPY_PHASE_STRIP = NO;
				DEBUG_INFORMATION_FORMAT = "dwarf-with-dsym";
				ENABLE_STRICT_OBJC_MSGSEND = YES;
				ENABLE_USER_SCRIPT_SANDBOXING = NO;
				MACOSX_DEPLOYMENT_TARGET = 14.0;
				SDKROOT = macosx;
				SWIFT_COMPILATION_MODE = wholemodule;
			};
			name = Release;
		};
		A1000000000000000000F021 /* Debug */ = {
			isa = XCBuildConfiguration;
			buildSettings = {
				CODE_SIGN_IDENTITY = "-";
				CODE_SIGN_STYLE = Manual;
				COMBINE_HIDPI_IMAGES = YES;
				CURRENT_PROJECT_VERSION = 1;
				GENERATE_INFOPLIST_FILE = YES;
				INFOPLIST_KEY_CFBundleDisplayName = Peregrine;
				INFOPLIST_KEY_LSApplicationCategoryType = "public.app-category.navigation";
				INFOPLIST_KEY_NSHumanReadableCopyright = "Copyright (C) 2026 Chris Bailey. LGPL-3.0-or-later.";
				INFOPLIST_KEY_NSPrincipalClass = NSApplication;
				LD_RUNPATH_SEARCH_PATHS = (
					"$(inherited)",
					"@executable_path/../Frameworks",
				);
				LIBRARY_SEARCH_PATHS = "$(PROJECT_DIR)/../../../build/port/apps/Peregrine";
				MARKETING_VERSION = 0.1;
				OTHER_LDFLAGS = (
					"-lperegrine_core",
					"-lsqlite3",
				);
				PRODUCT_BUNDLE_IDENTIFIER = org.peregrine.Peregrine;
				PRODUCT_NAME = "$(TARGET_NAME)";
				SWIFT_INCLUDE_PATHS = "$(PROJECT_DIR)/Core";
				SWIFT_OBJC_INTEROP_MODE = objcxx;
				SWIFT_VERSION = 6.0;
			};
			name = Debug;
		};
		A1000000000000000000F022 /* Release */ = {
			isa = XCBuildConfiguration;
			buildSettings = {
				CODE_SIGN_IDENTITY = "-";
				CODE_SIGN_STYLE = Manual;
				COMBINE_HIDPI_IMAGES = YES;
				CURRENT_PROJECT_VERSION = 1;
				GENERATE_INFOPLIST_FILE = YES;
				INFOPLIST_KEY_CFBundleDisplayName = Peregrine;
				INFOPLIST_KEY_LSApplicationCategoryType = "public.app-category.navigation";
				INFOPLIST_KEY_NSHumanReadableCopyright = "Copyright (C) 2026 Chris Bailey. LGPL-3.0-or-later.";
				INFOPLIST_KEY_NSPrincipalClass = NSApplication;
				LD_RUNPATH_SEARCH_PATHS = (
					"$(inherited)",
					"@executable_path/../Frameworks",
				);
				LIBRARY_SEARCH_PATHS = "$(PROJECT_DIR)/../../../build/port/apps/Peregrine";
				MARKETING_VERSION = 0.1;
				OTHER_LDFLAGS = (
					"-lperegrine_core",
					"-lsqlite3",
				);
				PRODUCT_BUNDLE_IDENTIFIER = org.peregrine.Peregrine;
				PRODUCT_NAME = "$(TARGET_NAME)";
				SWIFT_INCLUDE_PATHS = "$(PROJECT_DIR)/Core";
				SWIFT_OBJC_INTEROP_MODE = objcxx;
				SWIFT_VERSION = 6.0;
			};
			name = Release;
		};
/* End XCBuildConfiguration section */

/* Begin XCConfigurationList section */
		A1000000000000000000F001 /* Build configuration list for PBXProject "Peregrine" */ = {
			isa = XCConfigurationList;
			buildConfigurations = (
				A1000000000000000000F011 /* Debug */,
				A1000000000000000000F012 /* Release */,
			);
			defaultConfigurationIsVisible = 0;
			defaultConfigurationName = Release;
		};
		A1000000000000000000F002 /* Build configuration list for PBXNativeTarget "Peregrine" */ = {
			isa = XCConfigurationList;
			buildConfigurations = (
				A1000000000000000000F021 /* Debug */,
				A1000000000000000000F022 /* Release */,
			);
			defaultConfigurationIsVisible = 0;
			defaultConfigurationName = Release;
		};
/* End XCConfigurationList section */
	};
	rootObject = A1000000000000000000E002 /* Project object */;
}
